
Microsoft Visual Studio Solution File, Format Version 12.00
# Visual Studio 15
VisualStudioVersion = 15.0.28010.2026
MinimumVisualStudioVersion = 10.0.40219.1
Project("{FAE04EC0-301F-11D3-BF4B-00C04F79EFBC}") = "lab_2", "lab_2\lab_2.csproj", "{59E4EDCA-9989-48B6-9C26-B7160AFCC270}"
EndProject
Global
	GlobalSection(SolutionConfigurationPlatforms) = preSolution
		Debug|Any CPU = Debug|Any CPU
		Release|Any CPU = Release|Any CPU
	EndGlobalSection
	GlobalSection(ProjectConfigurationPlatforms) = postSolution
		{59E4EDCA-9989-48B6-9C26-B7160AFCC270}.Debug|Any CPU.ActiveCfg = Debug|Any CPU
		{59E4EDCA-9989-48B6-9C26-B7160AFCC270}.Debug|Any CPU.Build.0 = Debug|Any CPU
		{59E4EDCA-9989-48B6-9C26-B7160AFCC270}.Release|Any CPU.ActiveCfg = Release|Any CPU
		{59E4EDCA-9989-48B6-9C26-B7160AFCC270}.Release|Any CPU.Build.0 = Release|Any CPU
	EndGlobalSection
	GlobalSection(SolutionProperties) = preSolution
		HideSolutionNode = FALSE
	EndGlobalSection
	GlobalSection(ExtensibilityGlobals) = postSolution
		SolutionGuid = {1BCCABE7-FAE3-45E0-AAAA-ECA32C56B946}
	EndGlobalSection
EndGlobal
